{
  "name": "react_sample_app",
  "version": "1.0.0",
  "dependencies": {
    "react": {
      "version": "15.2.1",
      "from": "react@~15.2.1",
      "dependencies": {
        "fbjs": {
          "version": "0.8.3",
          "from": "fbjs@^0.8.1",
          "dependencies": {
            "core-js": {
              "version": "1.2.6",
              "from": "core-js@^1.0.0"
            },
            "immutable": {
              "version": "3.8.1",
              "from": "immutable@^3.7.6"
            },
            "isomorphic-fetch": {
              "version": "2.2.1",
              "from": "isomorphic-fetch@^2.1.1",
              "dependencies": {
                "node-fetch": {
                  "version": "1.5.3",
                  "from": "node-fetch@^1.0.1",
                  "dependencies": {
                    "encoding": {
                      "version": "0.1.12",
                      "from": "encoding@^0.1.11",
                      "dependencies": {
                        "iconv-lite": {
                          "version": "0.4.13",
                          "from": "iconv-lite@~0.4.13"
                        }
                      }
                    },
                    "is-stream": {
                      "version": "1.1.0",
                      "from": "is-stream@^1.0.1"
                    }
                  }
                },
                "whatwg-fetch": {
                  "version": "1.0.0",
                  "from": "whatwg-fetch@>=0.10.0"
                }
              }
            },
            "promise": {
              "version": "7.1.1",
              "from": "promise@^7.1.1",
              "dependencies": {
                "asap": {
                  "version": "2.0.4",
                  "from": "asap@~2.0.3"
                }
              }
            },
            "ua-parser-js": {
              "version": "0.7.10",
              "from": "ua-parser-js@^0.7.9"
            }
          }
        },
        "loose-envify": {
          "version": "1.2.0",
          "from": "loose-envify@^1.1.0",
          "dependencies": {
            "js-tokens": {
              "version": "1.0.3",
              "from": "js-tokens@^1.0.1"
            }
          }
        },
        "object-assign": {
          "version": "4.1.0",
          "from": "object-assign@^4.1.0"
        }
      }
    },
    "react-dom": {
      "version": "15.2.1",
      "from": "react-dom@~15.2.1"
    }
  }
}
